
Microsoft Visual Studio Solution File, Format Version 12.00
# Visual Studio Version 17
VisualStudioVersion = 17.2.32526.322
MinimumVisualStudioVersion = 10.0.40219.1
Project("{FAE04EC0-301F-11D3-BF4B-00C04F79EFBC}") = "practicasHackerrank", "practicasHackerrank.csproj", "{C7345373-D8CA-4AB1-8E63-E860560B6DDE}"
EndProject
Global
	GlobalSection(SolutionConfigurationPlatforms) = preSolution
		Debug|Any CPU = Debug|Any CPU
		Release|Any CPU = Release|Any CPU
	EndGlobalSection
	GlobalSection(ProjectConfigurationPlatforms) = postSolution
		{C7345373-D8CA-4AB1-8E63-E860560B6DDE}.Debug|Any CPU.ActiveCfg = Debug|Any CPU
		{C7345373-D8CA-4AB1-8E63-E860560B6DDE}.Debug|Any CPU.Build.0 = Debug|Any CPU
		{C7345373-D8CA-4AB1-8E63-E860560B6DDE}.Release|Any CPU.ActiveCfg = Release|Any CPU
		{C7345373-D8CA-4AB1-8E63-E860560B6DDE}.Release|Any CPU.Build.0 = Release|Any CPU
	EndGlobalSection
	GlobalSection(SolutionProperties) = preSolution
		HideSolutionNode = FALSE
	EndGlobalSection
	GlobalSection(ExtensibilityGlobals) = postSolution
		SolutionGuid = {3FC59A8B-E154-4196-8888-21069CD0F6E8}
	EndGlobalSection
EndGlobal
